{
  "name": "qcloud-weapp-client-demo",
  "version": "2.0.0",
  "lockfileVersion": 1,
  "requires": true,
  "dependencies": {
    "wafer2-client-sdk": {
      "version": "1.1.3",
      "resolved": "https://registry.npmjs.org/wafer2-client-sdk/-/wafer2-client-sdk-1.1.3.tgz",
      "integrity": "sha512-exzMpg2XwnPESMNUOoXsH1nURfXrFqwMi13asBbe5CRejpvCbxIntNXL9TwpfwBOPFK9tJpntMhfXPNL7WKYGg=="
    }
  }
}
